{
  "name": "test",
  "lockfileVersion": 2,
  "requires": true,
  "packages": {
    "": {
      "dependencies": {
        "@adraffy/keccak": "^1.0.5"
      }
    },
    "node_modules/@adraffy/keccak": {
      "version": "1.0.5",
      "resolved": "https://registry.npmjs.org/@adraffy/keccak/-/keccak-1.0.5.tgz",
      "integrity": "sha512-D2jZzirqbeU+VHRBsYR8tecxbri6cJALdGRvzRPp04T76AKZK+UWXlIQ29IV2AzviV/FdvbNFlUfuicJ09b8kA=="
    }
  },
  "dependencies": {
    "@adraffy/keccak": {
      "version": "1.0.5",
      "resolved": "https://registry.npmjs.org/@adraffy/keccak/-/keccak-1.0.5.tgz",
      "integrity": "sha512-D2jZzirqbeU+VHRBsYR8tecxbri6cJALdGRvzRPp04T76AKZK+UWXlIQ29IV2AzviV/FdvbNFlUfuicJ09b8kA=="
    }
  }
}
